
Microsoft Visual Studio Solution File, Format Version 12.00
# Visual Studio Version 17
VisualStudioVersion = 17.10.35122.118
MinimumVisualStudioVersion = 10.0.40219.1
Project("{FAE04EC0-301F-11D3-BF4B-00C04F79EFBC}") = "GD1-CH5to6", "GD1-CH5to6\GD1-CH5to6.csproj", "{5BCFF6EC-CC44-43C9-A614-197A61AF248F}"
EndProject
Global
	GlobalSection(SolutionConfigurationPlatforms) = preSolution
		Debug|Any CPU = Debug|Any CPU
		Release|Any CPU = Release|Any CPU
	EndGlobalSection
	GlobalSection(ProjectConfigurationPlatforms) = postSolution
		{5BCFF6EC-CC44-43C9-A614-197A61AF248F}.Debug|Any CPU.ActiveCfg = Debug|Any CPU
		{5BCFF6EC-CC44-43C9-A614-197A61AF248F}.Debug|Any CPU.Build.0 = Debug|Any CPU
		{5BCFF6EC-CC44-43C9-A614-197A61AF248F}.Release|Any CPU.ActiveCfg = Release|Any CPU
		{5BCFF6EC-CC44-43C9-A614-197A61AF248F}.Release|Any CPU.Build.0 = Release|Any CPU
	EndGlobalSection
	GlobalSection(SolutionProperties) = preSolution
		HideSolutionNode = FALSE
	EndGlobalSection
	GlobalSection(ExtensibilityGlobals) = postSolution
		SolutionGuid = {76C5156E-96B5-4BB8-93F6-79F3DB203E8D}
	EndGlobalSection
EndGlobal
