
Microsoft Visual Studio Solution File, Format Version 12.00
# Visual Studio Version 17
VisualStudioVersion = 17.10.35122.118
MinimumVisualStudioVersion = 10.0.40219.1
Project("{FAE04EC0-301F-11D3-BF4B-00C04F79EFBC}") = "GD2_CH1to3", "GD2_CH1to3\GD2_CH1to3.csproj", "{A30623F7-0A59-4C55-8C3E-26A4AA5BA41D}"
EndProject
Global
	GlobalSection(SolutionConfigurationPlatforms) = preSolution
		Debug|Any CPU = Debug|Any CPU
		Release|Any CPU = Release|Any CPU
	EndGlobalSection
	GlobalSection(ProjectConfigurationPlatforms) = postSolution
		{A30623F7-0A59-4C55-8C3E-26A4AA5BA41D}.Debug|Any CPU.ActiveCfg = Debug|Any CPU
		{A30623F7-0A59-4C55-8C3E-26A4AA5BA41D}.Debug|Any CPU.Build.0 = Debug|Any CPU
		{A30623F7-0A59-4C55-8C3E-26A4AA5BA41D}.Release|Any CPU.ActiveCfg = Release|Any CPU
		{A30623F7-0A59-4C55-8C3E-26A4AA5BA41D}.Release|Any CPU.Build.0 = Release|Any CPU
	EndGlobalSection
	GlobalSection(SolutionProperties) = preSolution
		HideSolutionNode = FALSE
	EndGlobalSection
	GlobalSection(ExtensibilityGlobals) = postSolution
		SolutionGuid = {14A56142-11C4-4744-A75F-33E7E911FC1A}
	EndGlobalSection
EndGlobal
